
Microsoft Visual Studio Solution File, Format Version 12.00
# Visual Studio Version 17
VisualStudioVersion = 17.14.36109.1 d17.14
MinimumVisualStudioVersion = 10.0.40219.1
Project("{FAE04EC0-301F-11D3-BF4B-00C04F79EFBC}") = "app-citas-psico", "app-citas-psico\app-citas-psico.csproj", "{370211AE-40A5-4CD7-9151-F906AC4B11BE}"
EndProject
Global
	GlobalSection(SolutionConfigurationPlatforms) = preSolution
		Debug|Any CPU = Debug|Any CPU
		Release|Any CPU = Release|Any CPU
	EndGlobalSection
	GlobalSection(ProjectConfigurationPlatforms) = postSolution
		{370211AE-40A5-4CD7-9151-F906AC4B11BE}.Debug|Any CPU.ActiveCfg = Debug|Any CPU
		{370211AE-40A5-4CD7-9151-F906AC4B11BE}.Debug|Any CPU.Build.0 = Debug|Any CPU
		{370211AE-40A5-4CD7-9151-F906AC4B11BE}.Release|Any CPU.ActiveCfg = Release|Any CPU
		{370211AE-40A5-4CD7-9151-F906AC4B11BE}.Release|Any CPU.Build.0 = Release|Any CPU
	EndGlobalSection
	GlobalSection(SolutionProperties) = preSolution
		HideSolutionNode = FALSE
	EndGlobalSection
	GlobalSection(ExtensibilityGlobals) = postSolution
		SolutionGuid = {D17E6E60-EC08-4F02-8AF8-5B9C667ECB9C}
	EndGlobalSection
EndGlobal
